
Microsoft Visual Studio Solution File, Format Version 12.00
# Visual Studio 15
VisualStudioVersion = 15.0.28010.2036
MinimumVisualStudioVersion = 10.0.40219.1
Project("{9A19103F-16F7-4668-BE54-9A1E7A4F7556}") = "webapp", "webapp.csproj", "{A1722C4D-C187-42DD-9F1E-CDA9D352C5EA}"
EndProject
Project("{FAE04EC0-301F-11D3-BF4B-00C04F79EFBC}") = "Test", "..\Test\Test.csproj", "{F7262859-0854-4990-B098-69A198A88920}"
EndProject
Global
	GlobalSection(SolutionConfigurationPlatforms) = preSolution
		Debug|Any CPU = Debug|Any CPU
		Release|Any CPU = Release|Any CPU
	EndGlobalSection
	GlobalSection(ProjectConfigurationPlatforms) = postSolution
		{A1722C4D-C187-42DD-9F1E-CDA9D352C5EA}.Debug|Any CPU.ActiveCfg = Debug|Any CPU
		{A1722C4D-C187-42DD-9F1E-CDA9D352C5EA}.Debug|Any CPU.Build.0 = Debug|Any CPU
		{A1722C4D-C187-42DD-9F1E-CDA9D352C5EA}.Release|Any CPU.ActiveCfg = Release|Any CPU
		{A1722C4D-C187-42DD-9F1E-CDA9D352C5EA}.Release|Any CPU.Build.0 = Release|Any CPU
		{F7262859-0854-4990-B098-69A198A88920}.Debug|Any CPU.ActiveCfg = Debug|Any CPU
		{F7262859-0854-4990-B098-69A198A88920}.Debug|Any CPU.Build.0 = Debug|Any CPU
		{F7262859-0854-4990-B098-69A198A88920}.Release|Any CPU.ActiveCfg = Release|Any CPU
		{F7262859-0854-4990-B098-69A198A88920}.Release|Any CPU.Build.0 = Release|Any CPU
	EndGlobalSection
	GlobalSection(SolutionProperties) = preSolution
		HideSolutionNode = FALSE
	EndGlobalSection
	GlobalSection(ExtensibilityGlobals) = postSolution
		SolutionGuid = {87B7E06B-DA8F-42C8-923F-0E84B88EFCAB}
	EndGlobalSection
EndGlobal
